# This file is autogenerated, do not edit; changes may be undone by the next 'dep ensure'.


[[projects]]
  branch = "master"
  digest = "1:c1e0ad8aeb7694623a57fef4579c6629e49f76345a15ffa79461f17f2d0146a3"
  name = "github.com/lygo/runner"
  packages = ["."]
  pruneopts = "UT"
  revision = "63a4fc815ceca3ee840913217f22263f92c0c9fd"

[solve-meta]
  analyzer-name = "dep"
  analyzer-version = 1
  input-imports = ["github.com/lygo/runner"]
  solver-name = "gps-cdcl"
  solver-version = 1
